// !$*UTF8*$!
{
	archiveVersion = 1;
	classes = {
	};
	objectVersion = 46;
	objects = {

/* Begin PBXBuildFile section */
		E9DE045667B2ED0439516567 /* Pods_tumblrfeed.framework in Frameworks */ = {isa = PBXBuildFile; fileRef = C73D25BA97ABCA436F093D49 /* Pods_tumblrfeed.framework */; };
		EC6E9CF91E418E9000F6A5F1 /* PhotoCell.swift in Sources */ = {isa = PBXBuildFile; fileRef = EC6E9CF81E418E9000F6A5F1 /* PhotoCell.swift */; };
		ECA1133C1E416B70008A010E /* PhotosViewController.swift in Sources */ = {isa = PBXBuildFile; fileRef = ECA1133B1E416B70008A010E /* PhotosViewController.swift */; };
		ECA4FBCA1E416959000FE2E8 /* AppDelegate.swift in Sources */ = {isa = PBXBuildFile; fileRef = ECA4FBC91E416959000FE2E8 /* AppDelegate.swift */; };
		ECA4FBCF1E416959000FE2E8 /* Main.storyboard in Resources */ = {isa = PBXBuildFile; fileRef = ECA4FBCD1E416959000FE2E8 /* Main.storyboard */; };
		ECA4FBD11E416959000FE2E8 /* Assets.xcassets in Resources */ = {isa = PBXBuildFile; fileRef = ECA4FBD01E416959000FE2E8 /* Assets.xcassets */; };
		ECA4FBD41E416959000FE2E8 /* LaunchScreen.storyboard in Resources */ = {isa = PBXBuildFile; fileRef = ECA4FBD21E416959000FE2E8 /* LaunchScreen.storyboard */; };
/* End PBXBuildFile section */

/* Begin PBXFileReference section */
		3CB3C05141DE9AE22D58B339 /* Pods-tumblrfeed.release.xcconfig */ = {isa = PBXFileReference; includeInIndex = 1; lastKnownFileType = text.xcconfig; name = "Pods-tumblrfeed.release.xcconfig"; path = "Pods/Target Support Files/Pods-tumblrfeed/Pods-tumblrfeed.release.xcconfig"; sourceTree = "<group>"; };
		C73D25BA97ABCA436F093D49 /* Pods_tumblrfeed.framework */ = {isa = PBXFileReference; explicitFileType = wrapper.framework; includeInIndex = 0; path = Pods_tumblrfeed.framework; sourceTree = BUILT_PRODUCTS_DIR; };
		E067842AE0713551DD29E576 /* Pods-tumblrfeed.debug.xcconfig */ = {isa = PBXFileReference; includeInIndex = 1; lastKnownFileType = text.xcconfig; name = "Pods-tumblrfeed.debug.xcconfig"; path = "Pods/Target Support Files/Pods-tumblrfeed/Pods-tumblrfeed.debug.xcconfig"; sourceTree = "<group>"; };
		EC6E9CF81E418E9000F6A5F1 /* PhotoCell.swift */ = {isa = PBXFileReference; fileEncoding = 4; lastKnownFileType = sourcecode.swift; path = PhotoCell.swift; sourceTree = "<group>"; };
		ECA1133B1E416B70008A010E /* PhotosViewController.swift */ = {isa = PBXFileReference; fileEncoding = 4; lastKnownFileType = sourcecode.swift; path = PhotosViewController.swift; sourceTree = "<group>"; };
		ECA4FBC61E416959000FE2E8 /* tumblrfeed.app */ = {isa = PBXFileReference; explicitFileType = wrapper.application; includeInIndex = 0; path = tumblrfeed.app; sourceTree = BUILT_PRODUCTS_DIR; };
		ECA4FBC91E416959000FE2E8 /* AppDelegate.swift */ = {isa = PBXFileReference; lastKnownFileType = sourcecode.swift; path = AppDelegate.swift; sourceTree = "<group>"; };
		ECA4FBCE1E416959000FE2E8 /* Base */ = {isa = PBXFileReference; lastKnownFileType = file.storyboard; name = Base; path = Base.lproj/Main.storyboard; sourceTree = "<group>"; };
		ECA4FBD01E416959000FE2E8 /* Assets.xcassets */ = {isa = PBXFileReference; lastKnownFileType = folder.assetcatalog; path = Assets.xcassets; sourceTree = "<group>"; };
		ECA4FBD31E416959000FE2E8 /* Base */ = {isa = PBXFileReference; lastKnownFileType = file.storyboard; name = Base; path = Base.lproj/LaunchScreen.storyboard; sourceTree = "<group>"; };
		ECA4FBD51E416959000FE2E8 /* Info.plist */ = {isa = PBXFileReference; lastKnownFileType = text.plist.xml; path = Info.plist; sourceTree = "<group>"; };
/* End PBXFileReference section */

/* Begin PBXFrameworksBuildPhase section */
		ECA4FBC31E416959000FE2E8 /* Frameworks */ = {
			isa = PBXFrameworksBuildPhase;
			buildActionMask = 2147483647;
			files = (
				E9DE045667B2ED0439516567 /* Pods_tumblrfeed.framework in Frameworks */,
			);
			runOnlyForDeploymentPostprocessing = 0;
		};
/* End PBXFrameworksBuildPhase section */

/* Begin PBXGroup section */
		3CFC3A05FD003E21249AEA82 /* Frameworks */ = {
			isa = PBXGroup;
			children = (
				C73D25BA97ABCA436F093D49 /* Pods_tumblrfeed.framework */,
			);
			name = Frameworks;
			sourceTree = "<group>";
		};
		7AD9353E80B54A0F85CCE046 /* Pods */ = {
			isa = PBXGroup;
			children = (
				E067842AE0713551DD29E576 /* Pods-tumblrfeed.debug.xcconfig */,
				3CB3C05141DE9AE22D58B339 /* Pods-tumblrfeed.release.xcconfig */,
			);
			name = Pods;
			sourceTree = "<group>";
		};
		ECA4FBBD1E416959000FE2E8 = {
			isa = PBXGroup;
			children = (
				ECA4FBC81E416959000FE2E8 /* tumblrfeed */,
				ECA4FBC71E416959000FE2E8 /* Products */,
				7AD9353E80B54A0F85CCE046 /* Pods */,
				3CFC3A05FD003E21249AEA82 /* Frameworks */,
			);
			sourceTree = "<group>";
		};
		ECA4FBC71E416959000FE2E8 /* Products */ = {
			isa = PBXGroup;
			children = (
				ECA4FBC61E416959000FE2E8 /* tumblrfeed.app */,
			);
			name = Products;
			sourceTree = "<group>";
		};
		ECA4FBC81E416959000FE2E8 /* tumblrfeed */ = {
			isa = PBXGroup;
			children = (
				ECA4FBC91E416959000FE2E8 /* AppDelegate.swift */,
				ECA4FBCD1E416959000FE2E8 /* Main.storyboard */,
				EC6E9CF81E418E9000F6A5F1 /* PhotoCell.swift */,
				ECA4FBD01E416959000FE2E8 /* Assets.xcassets */,
				ECA4FBD21E416959000FE2E8 /* LaunchScreen.storyboard */,
				ECA4FBD51E416959000FE2E8 /* Info.plist */,
				ECA1133B1E416B70008A010E /* PhotosViewController.swift */,
			);
			path = tumblrfeed;
			sourceTree = "<group>";
		};
/* End PBXGroup section */

/* Begin PBXNativeTarget section */
		ECA4FBC51E416959000FE2E8 /* tumblrfeed */ = {
			isa = PBXNativeTarget;
			buildConfigurationList = ECA4FBD81E416959000FE2E8 /* Build configuration list for PBXNativeTarget "tumblrfeed" */;
			buildPhases = (
				8D16E8529A462F60B6493700 /* [CP] Check Pods Manifest.lock */,
				ECA4FBC21E416959000FE2E8 /* Sources */,
				ECA4FBC31E416959000FE2E8 /* Frameworks */,
				ECA4FBC41E416959000FE2E8 /* Resources */,
				3A776214805A66545DD98E76 /* [CP] Embed Pods Frameworks */,
				4B454C4960540E1E2DD172C9 /* [CP] Copy Pods Resources */,
			);
			buildRules = (
			);
			dependencies = (
			);
			name = tumblrfeed;
			productName = tumblrfeed;
			productReference = ECA4FBC61E416959000FE2E8 /* tumblrfeed.app */;
			productType = "com.apple.product-type.application";
		};
/* End PBXNativeTarget section */

/* Begin PBXProject section */
		ECA4FBBE1E416959000FE2E8 /* Project object */ = {
			isa = PBXProject;
			attributes = {
				LastSwiftUpdateCheck = 0820;
				LastUpgradeCheck = 0820;
				ORGANIZATIONNAME = "Swapnil Tamrakar";
				TargetAttributes = {
					ECA4FBC51E416959000FE2E8 = {
						CreatedOnToolsVersion = 8.2.1;
						ProvisioningStyle = Automatic;
					};
				};
			};
			buildConfigurationList = ECA4FBC11E416959000FE2E8 /* Build configuration list for PBXProject "tumblrfeed" */;
			compatibilityVersion = "Xcode 3.2";
			developmentRegion = English;
			hasScannedForEncodings = 0;
			knownRegions = (
				en,
				Base,
			);
			mainGroup = ECA4FBBD1E416959000FE2E8;
			productRefGroup = ECA4FBC71E416959000FE2E8 /* Products */;
			projectDirPath = "";
			projectRoot = "";
			targets = (
				ECA4FBC51E416959000FE2E8 /* tumblrfeed */,
			);
		};
/* End PBXProject section */

/* Begin PBXResourcesBuildPhase section */
		ECA4FBC41E416959000FE2E8 /* Resources */ = {
			isa = PBXResourcesBuildPhase;
			buildActionMask = 2147483647;
			files = (
				ECA4FBD41E416959000FE2E8 /* LaunchScreen.storyboard in Resources */,
				ECA4FBD11E416959000FE2E8 /* Assets.xcassets in Resources */,
				ECA4FBCF1E416959000FE2E8 /* Main.storyboard in Resources */,
			);
			runOnlyForDeploymentPostprocessing = 0;
		};
/* End PBXResourcesBuildPhase section */

/* Begin PBXShellScriptBuildPhase section */
		3A776214805A66545DD98E76 /* [CP] Embed Pods Frameworks */ = {
			isa = PBXShellScriptBuildPhase;
			buildActionMask = 2147483647;
			files = (
			);
			inputPaths = (
			);
			name = "[CP] Embed Pods Frameworks";
			outputPaths = (
			);
			runOnlyForDeploymentPostprocessing = 0;
			shellPath = /bin/sh;
			shellScript = "\"${SRCROOT}/Pods/Target Support Files/Pods-tumblrfeed/Pods-tumblrfeed-frameworks.sh\"\n";
			showEnvVarsInLog = 0;
		};
		4B454C4960540E1E2DD172C9 /* [CP] Copy Pods Resources */ = {
			isa = PBXShellScriptBuildPhase;
			buildActionMask = 2147483647;
			files = (
			);
			inputPaths = (
			);
			name = "[CP] Copy Pods Resources";
			outputPaths = (
			);
			runOnlyForDeploymentPostprocessing = 0;
			shellPath = /bin/sh;
			shellScript = "\"${SRCROOT}/Pods/Target Support Files/Pods-tumblrfeed/Pods-tumblrfeed-resources.sh\"\n";
			showEnvVarsInLog = 0;
		};
		8D16E8529A462F60B6493700 /* [CP] Check Pods Manifest.lock */ = {
			isa = PBXShellScriptBuildPhase;
			buildActionMask = 2147483647;
			files = (
			);
			inputPaths = (
			);
			name = "[CP] Check Pods Manifest.lock";
			outputPaths = (
			);
			runOnlyForDeploymentPostprocessing = 0;
			shellPath = /bin/sh;
			shellScript = "diff \"${PODS_ROOT}/../Podfile.lock\" \"${PODS_ROOT}/Manifest.lock\" > /dev/null\nif [ $? != 0 ] ; then\n    # print error to STDERR\n    echo \"error: The sandbox is not in sync with the Podfile.lock. Run 'pod install' or update your CocoaPods installation.\" >&2\n    exit 1\nfi\n";
			showEnvVarsInLog = 0;
		};
/* End PBXShellScriptBuildPhase section */

/* Begin PBXSourcesBuildPhase section */
		ECA4FBC21E416959000FE2E8 /* Sources */ = {
			isa = PBXSourcesBuildPhase;
			buildActionMask = 2147483647;
			files = (
				ECA4FBCA1E416959000FE2E8 /* AppDelegate.swift in Sources */,
				EC6E9CF91E418E9000F6A5F1 /* PhotoCell.swift in Sources */,
				ECA1133C1E416B70008A010E /* PhotosViewController.swift in Sources */,
			);
			runOnlyForDeploymentPostprocessing = 0;
		};
/* End PBXSourcesBuildPhase section */

/* Begin PBXVariantGroup section */
		ECA4FBCD1E416959000FE2E8 /* Main.storyboard */ = {
			isa = PBXVariantGroup;
			children = (
				ECA4FBCE1E416959000FE2E8 /* Base */,
			);
			name = Main.storyboard;
			sourceTree = "<group>";
		};
		ECA4FBD21E416959000FE2E8 /* LaunchScreen.storyboard */ = {
			isa = PBXVariantGroup;
			children = (
				ECA4FBD31E416959000FE2E8 /* Base */,
			);
			name = LaunchScreen.storyboard;
			sourceTree = "<group>";
		};
/* End PBXVariantGroup section */

/* Begin XCBuildConfiguration section */
		ECA4FBD61E416959000FE2E8 /* Debug */ = {
			isa = XCBuildConfiguration;
			buildSettings = {
				ALWAYS_SEARCH_USER_PATHS = NO;
				CLANG_ANALYZER_NONNULL = YES;
				CLANG_CXX_LANGUAGE_STANDARD = "gnu++0x";
				CLANG_CXX_LIBRARY = "libc++";
				CLANG_ENABLE_MODULES = YES;
				CLANG_ENABLE_OBJC_ARC = YES;
				CLANG_WARN_BOOL_CONVERSION = YES;
				CLANG_WARN_CONSTANT_CONVERSION = YES;
				CLANG_WARN_DIRECT_OBJC_ISA_USAGE = YES_ERROR;
				CLANG_WARN_DOCUMENTATION_COMMENTS = YES;
				CLANG_WARN_EMPTY_BODY = YES;
				CLANG_WARN_ENUM_CONVERSION = YES;
				CLANG_WARN_INFINITE_RECURSION = YES;
				CLANG_WARN_INT_CONVERSION = YES;
				CLANG_WARN_OBJC_ROOT_CLASS = YES_ERROR;
				CLANG_WARN_SUSPICIOUS_MOVE = YES;
				CLANG_WARN_UNREACHABLE_CODE = YES;
				CLANG_WARN__DUPLICATE_METHOD_MATCH = YES;
				"CODE_SIGN_IDENTITY[sdk=iphoneos*]" = "iPhone Developer";
				COPY_PHASE_STRIP = NO;
				DEBUG_INFORMATION_FORMAT = dwarf;
				ENABLE_STRICT_OBJC_MSGSEND = YES;
				ENABLE_TESTABILITY = YES;
				GCC_C_LANGUAGE_STANDARD = gnu99;
				GCC_DYNAMIC_NO_PIC = NO;
				GCC_NO_COMMON_BLOCKS = YES;
				GCC_OPTIMIZATION_LEVEL = 0;
				GCC_PREPROCESSOR_DEFINITIONS = (
					"DEBUG=1",
					"$(inherited)",
				);
				GCC_WARN_64_TO_32_BIT_CONVERSION = YES;
				GCC_WARN_ABOUT_RETURN_TYPE = YES_ERROR;
				GCC_WARN_UNDECLARED_SELECTOR = YES;
				GCC_WARN_UNINITIALIZED_AUTOS = YES_AGGRESSIVE;
				GCC_WARN_UNUSED_FUNCTION = YES;
				GCC_WARN_UNUSED_VARIABLE = YES;
				IPHONEOS_DEPLOYMENT_TARGET = 10.2;
				MTL_ENABLE_DEBUG_INFO = YES;
				ONLY_ACTIVE_ARCH = YES;
				SDKROOT = iphoneos;
				SWIFT_ACTIVE_COMPILATION_CONDITIONS = DEBUG;
				SWIFT_OPTIMIZATION_LEVEL = "-Onone";
				TARGETED_DEVICE_FAMILY = "1,2";
			};
			name = Debug;
		};
		ECA4FBD71E416959000FE2E8 /* Release */ = {
			isa = XCBuildConfiguration;
			buildSettings = {
				ALWAYS_SEARCH_USER_PATHS = NO;
				CLANG_ANALYZER_NONNULL = YES;
				CLANG_CXX_LANGUAGE_STANDARD = "gnu++0x";
				CLANG_CXX_LIBRARY = "libc++";
				CLANG_ENABLE_MODULES = YES;
				CLANG_ENABLE_OBJC_ARC = YES;
				CLANG_WARN_BOOL_CONVERSION = YES;
				CLANG_WARN_CONSTANT_CONVERSION = YES;
				CLANG_WARN_DIRECT_OBJC_ISA_USAGE = YES_ERROR;
				CLANG_WARN_DOCUMENTATION_COMMENTS = YES;
				CLANG_WARN_EMPTY_BODY = YES;
				CLANG_WARN_ENUM_CONVERSION = YES;
				CLANG_WARN_INFINITE_RECURSION = YES;
				CLANG_WARN_INT_CONVERSION = YES;
				CLANG_WARN_OBJC_ROOT_CLASS = YES_ERROR;
				CLANG_WARN_SUSPICIOUS_MOVE = YES;
				CLANG_WARN_UNREACHABLE_CODE = YES;
				CLANG_WARN__DUPLICATE_METHOD_MATCH = YES;
				"CODE_SIGN_IDENTITY[sdk=iphoneos*]" = "iPhone Developer";
				COPY_PHASE_STRIP = NO;
				DEBUG_INFORMATION_FORMAT = "dwarf-with-dsym";
				ENABLE_NS_ASSERTIONS = NO;
				ENABLE_STRICT_OBJC_MSGSEND = YES;
				GCC_C_LANGUAGE_STANDARD = gnu99;
				GCC_NO_COMMON_BLOCKS = YES;
				GCC_WARN_64_TO_32_BIT_CONVERSION = YES;
				GCC_WARN_ABOUT_RETURN_TYPE = YES_ERROR;
				GCC_WARN_UNDECLARED_SELECTOR = YES;
				GCC_WARN_UNINITIALIZED_AUTOS = YES_AGGRESSIVE;
				GCC_WARN_UNUSED_FUNCTION = YES;
				GCC_WARN_UNUSED_VARIABLE = YES;
				IPHONEOS_DEPLOYMENT_TARGET = 10.2;
				MTL_ENABLE_DEBUG_INFO = NO;
				SDKROOT = iphoneos;
				SWIFT_OPTIMIZATION_LEVEL = "-Owholemodule";
				TARGETED_DEVICE_FAMILY = "1,2";
				VALIDATE_PRODUCT = YES;
			};
			name = Release;
		};
		ECA4FBD91E416959000FE2E8 /* Debug */ = {
			isa = XCBuildConfiguration;
			baseConfigurationReference = E067842AE0713551DD29E576 /* Pods-tumblrfeed.debug.xcconfig */;
			buildSettings = {
				ASSETCATALOG_COMPILER_APPICON_NAME = AppIcon;
				INFOPLIST_FILE = tumblrfeed/Info.plist;
				LD_RUNPATH_SEARCH_PATHS = "$(inherited) @executable_path/Frameworks";
				PRODUCT_BUNDLE_IDENTIFIER = swapniltamrakar.tumblrfeed;
				PRODUCT_NAME = "$(TARGET_NAME)";
				SWIFT_VERSION = 3.0;
			};
			name = Debug;
		};
		ECA4FBDA1E416959000FE2E8 /* Release */ = {
			isa = XCBuildConfiguration;
			baseConfigurationReference = 3CB3C05141DE9AE22D58B339 /* Pods-tumblrfeed.release.xcconfig */;
			buildSettings = {
				ASSETCATALOG_COMPILER_APPICON_NAME = AppIcon;
				INFOPLIST_FILE = tumblrfeed/Info.plist;
				LD_RUNPATH_SEARCH_PATHS = "$(inherited) @executable_path/Frameworks";
				PRODUCT_BUNDLE_IDENTIFIER = swapniltamrakar.tumblrfeed;
				PRODUCT_NAME = "$(TARGET_NAME)";
				SWIFT_VERSION = 3.0;
			};
			name = Release;
		};
/* End XCBuildConfiguration section */

/* Begin XCConfigurationList section */
		ECA4FBC11E416959000FE2E8 /* Build configuration list for PBXProject "tumblrfeed" */ = {
			isa = XCConfigurationList;
			buildConfigurations = (
				ECA4FBD61E416959000FE2E8 /* Debug */,
				ECA4FBD71E416959000FE2E8 /* Release */,
			);
			defaultConfigurationIsVisible = 0;
			defaultConfigurationName = Release;
		};
		ECA4FBD81E416959000FE2E8 /* Build configuration list for PBXNativeTarget "tumblrfeed" */ = {
			isa = XCConfigurationList;
			buildConfigurations = (
				ECA4FBD91E416959000FE2E8 /* Debug */,
				ECA4FBDA1E416959000FE2E8 /* Release */,
			);
			defaultConfigurationIsVisible = 0;
			defaultConfigurationName = Release;
		};
/* End XCConfigurationList section */
	};
	rootObject = ECA4FBBE1E416959000FE2E8 /* Project object */;
}
